
Microsoft Visual Studio Solution File, Format Version 12.00
# Visual Studio Version 17
VisualStudioVersion = 17.11.35312.102
MinimumVisualStudioVersion = 10.0.40219.1
Project("{9A19103F-16F7-4668-BE54-9A1E7A4F7556}") = "Homework_10_Tumakov", "Homework_10_Tumakov.csproj", "{8719FDE9-A4D7-4DB9-B40C-C5A26C6D22B7}"
EndProject
Project("{FAE04EC0-301F-11D3-BF4B-00C04F79EFBC}") = "Homework10_File", "..\Homework10_File\Homework10_File.csproj", "{80D53CFB-0ACF-4114-A77B-4640BB5A057A}"
EndProject
Global
	GlobalSection(SolutionConfigurationPlatforms) = preSolution
		Debug|Any CPU = Debug|Any CPU
		Release|Any CPU = Release|Any CPU
	EndGlobalSection
	GlobalSection(ProjectConfigurationPlatforms) = postSolution
		{8719FDE9-A4D7-4DB9-B40C-C5A26C6D22B7}.Debug|Any CPU.ActiveCfg = Debug|Any CPU
		{8719FDE9-A4D7-4DB9-B40C-C5A26C6D22B7}.Debug|Any CPU.Build.0 = Debug|Any CPU
		{8719FDE9-A4D7-4DB9-B40C-C5A26C6D22B7}.Release|Any CPU.ActiveCfg = Release|Any CPU
		{8719FDE9-A4D7-4DB9-B40C-C5A26C6D22B7}.Release|Any CPU.Build.0 = Release|Any CPU
		{80D53CFB-0ACF-4114-A77B-4640BB5A057A}.Debug|Any CPU.ActiveCfg = Debug|Any CPU
		{80D53CFB-0ACF-4114-A77B-4640BB5A057A}.Debug|Any CPU.Build.0 = Debug|Any CPU
		{80D53CFB-0ACF-4114-A77B-4640BB5A057A}.Release|Any CPU.ActiveCfg = Release|Any CPU
		{80D53CFB-0ACF-4114-A77B-4640BB5A057A}.Release|Any CPU.Build.0 = Release|Any CPU
	EndGlobalSection
	GlobalSection(SolutionProperties) = preSolution
		HideSolutionNode = FALSE
	EndGlobalSection
	GlobalSection(ExtensibilityGlobals) = postSolution
		SolutionGuid = {A502A20D-2BAC-4401-BA8B-C2A2DE926B00}
	EndGlobalSection
EndGlobal
